
Microsoft Visual Studio Solution File, Format Version 12.00
# Visual Studio 15
VisualStudioVersion = 15.0.27130.2003
MinimumVisualStudioVersion = 10.0.40219.1
Project("{FAE04EC0-301F-11D3-BF4B-00C04F79EFBC}") = "WindowVoice", "WindowVoice\WindowVoice.csproj", "{2287443E-FE21-4E3D-B9D2-EE506E538FBC}"
EndProject
Global
	GlobalSection(SolutionConfigurationPlatforms) = preSolution
		Debug|Any CPU = Debug|Any CPU
		Release|Any CPU = Release|Any CPU
	EndGlobalSection
	GlobalSection(ProjectConfigurationPlatforms) = postSolution
		{2287443E-FE21-4E3D-B9D2-EE506E538FBC}.Debug|Any CPU.ActiveCfg = Debug|Any CPU
		{2287443E-FE21-4E3D-B9D2-EE506E538FBC}.Debug|Any CPU.Build.0 = Debug|Any CPU
		{2287443E-FE21-4E3D-B9D2-EE506E538FBC}.Release|Any CPU.ActiveCfg = Release|Any CPU
		{2287443E-FE21-4E3D-B9D2-EE506E538FBC}.Release|Any CPU.Build.0 = Release|Any CPU
	EndGlobalSection
	GlobalSection(SolutionProperties) = preSolution
		HideSolutionNode = FALSE
	EndGlobalSection
	GlobalSection(ExtensibilityGlobals) = postSolution
		SolutionGuid = {3C2D47B7-F833-44F9-8457-CAA4B95681DE}
	EndGlobalSection
EndGlobal
